
Microsoft Visual Studio Solution File, Format Version 12.00
# Visual Studio Version 16
VisualStudioVersion = 16.0.29609.76
MinimumVisualStudioVersion = 10.0.40219.1
Project("{9A19103F-16F7-4668-BE54-9A1E7A4F7556}") = "Monzo.Crawler", "Monzo.Crawler\Monzo.Crawler.csproj", "{FFDFD64F-1C92-4F0D-9F2B-FD93464F3E7D}"
EndProject
Global
	GlobalSection(SolutionConfigurationPlatforms) = preSolution
		Debug|Any CPU = Debug|Any CPU
		Release|Any CPU = Release|Any CPU
	EndGlobalSection
	GlobalSection(ProjectConfigurationPlatforms) = postSolution
		{FFDFD64F-1C92-4F0D-9F2B-FD93464F3E7D}.Debug|Any CPU.ActiveCfg = Debug|Any CPU
		{FFDFD64F-1C92-4F0D-9F2B-FD93464F3E7D}.Debug|Any CPU.Build.0 = Debug|Any CPU
		{FFDFD64F-1C92-4F0D-9F2B-FD93464F3E7D}.Release|Any CPU.ActiveCfg = Release|Any CPU
		{FFDFD64F-1C92-4F0D-9F2B-FD93464F3E7D}.Release|Any CPU.Build.0 = Release|Any CPU
	EndGlobalSection
	GlobalSection(SolutionProperties) = preSolution
		HideSolutionNode = FALSE
	EndGlobalSection
	GlobalSection(ExtensibilityGlobals) = postSolution
		SolutionGuid = {C8E58F17-BA77-4768-9EBF-CFEB829C8D2F}
	EndGlobalSection
EndGlobal
